
Microsoft Visual Studio Solution File, Format Version 12.00
# Visual Studio Version 17
VisualStudioVersion = 17.0.31903.59
MinimumVisualStudioVersion = 10.0.40219.1
Project("{2150E333-8FDC-42A3-9474-1A3956D46DE8}") = "src", "src", "{827E0CD3-B72D-47B6-A68D-7590B98EB39B}"
EndProject
Project("{FAE04EC0-301F-11D3-BF4B-00C04F79EFBC}") = "Scry.Contracts", "src\Scry.Contracts\Scry.Contracts.csproj", "{13262968-19A2-4382-8320-6883059BDCE6}"
EndProject
Project("{FAE04EC0-301F-11D3-BF4B-00C04F79EFBC}") = "Scry.Runtime", "src\Scry.Runtime\Scry.Runtime.csproj", "{C53B0451-EBF4-45E2-8925-E64B263D56D9}"
EndProject
Project("{FAE04EC0-301F-11D3-BF4B-00C04F79EFBC}") = "Scry.Cli", "src\Scry.Cli\Scry.Cli.csproj", "{316976CF-863A-483F-9035-58DB27D1EE99}"
EndProject
Project("{2150E333-8FDC-42A3-9474-1A3956D46DE8}") = "samples", "samples", "{5D20AA90-6969-D8BD-9DCD-8634F4692FDA}"
EndProject
Project("{FAE04EC0-301F-11D3-BF4B-00C04F79EFBC}") = "Scry.SampleHost", "samples\Scry.SampleHost\Scry.SampleHost.csproj", "{E9672FF4-F304-418B-8E99-9A561BC223E0}"
EndProject
Project("{2150E333-8FDC-42A3-9474-1A3956D46DE8}") = "tests", "tests", "{0AB3BF05-4346-4AA6-1389-037BE0695223}"
EndProject
Project("{FAE04EC0-301F-11D3-BF4B-00C04F79EFBC}") = "Scry.Tests", "tests\Scry.Tests\Scry.Tests.csproj", "{97BE0411-5C49-4541-97C4-86B18A763293}"
EndProject
Project("{FAE04EC0-301F-11D3-BF4B-00C04F79EFBC}") = "Scry.Wpf", "src\Scry.Wpf\Scry.Wpf.csproj", "{918B073B-6C0F-43C4-BA2D-624ED61B8E08}"
EndProject
Project("{FAE04EC0-301F-11D3-BF4B-00C04F79EFBC}") = "Scry.WinForms", "src\Scry.WinForms\Scry.WinForms.csproj", "{BC6AD372-6321-4803-A8C7-D9B448EA5555}"
EndProject
Project("{FAE04EC0-301F-11D3-BF4B-00C04F79EFBC}") = "Scry.Wpf.Tests", "tests\Scry.Wpf.Tests\Scry.Wpf.Tests.csproj", "{C9E8F327-831C-424C-9234-FED7AD307248}"
EndProject
Project("{FAE04EC0-301F-11D3-BF4B-00C04F79EFBC}") = "Scry.WinForms.Tests", "tests\Scry.WinForms.Tests\Scry.WinForms.Tests.csproj", "{1DA8B1F4-8293-47F3-8616-7B49530997DA}"
EndProject
Project("{FAE04EC0-301F-11D3-BF4B-00C04F79EFBC}") = "Scry.SampleWorker", "samples\Scry.SampleWorker\Scry.SampleWorker.csproj", "{04C63DDE-BF1A-4BCA-BBF7-8E0EA15D28E3}"
EndProject
Project("{FAE04EC0-301F-11D3-BF4B-00C04F79EFBC}") = "Scry.SampleWpf", "samples\Scry.SampleWpf\Scry.SampleWpf.csproj", "{0420667A-FC7F-4EB9-B315-722EC9B2D3BB}"
EndProject
Project("{FAE04EC0-301F-11D3-BF4B-00C04F79EFBC}") = "Scry.SampleWinForms", "samples\Scry.SampleWinForms\Scry.SampleWinForms.csproj", "{451335EB-B807-4338-9BB2-34309A0820D7}"
EndProject
Project("{FAE04EC0-301F-11D3-BF4B-00C04F79EFBC}") = "Scry.Injector", "src\Scry.Injector\Scry.Injector.csproj", "{7E503546-320D-44F3-BEEE-28596744E940}"
EndProject
Project("{FAE04EC0-301F-11D3-BF4B-00C04F79EFBC}") = "Scry.Injector.Payload", "src\Scry.Injector.Payload\Scry.Injector.Payload.csproj", "{6E8B7BCA-56BE-491B-BA58-E4D3E5E95BC7}"
EndProject
Project("{FAE04EC0-301F-11D3-BF4B-00C04F79EFBC}") = "Scry.AttachTarget", "samples\Scry.AttachTarget\Scry.AttachTarget.csproj", "{4A9A5859-7771-4579-95B5-81C24E0E6823}"
EndProject
Project("{FAE04EC0-301F-11D3-BF4B-00C04F79EFBC}") = "Scry.AttachWpfTarget", "samples\Scry.AttachWpfTarget\Scry.AttachWpfTarget.csproj", "{54BFA91B-19E0-45CB-A362-A2124451D687}"
EndProject
Project("{FAE04EC0-301F-11D3-BF4B-00C04F79EFBC}") = "Scry.Endpoint", "src\Scry.Endpoint\Scry.Endpoint.csproj", "{53291850-DDBC-429C-B8EF-AE7212C3E001}"
EndProject
Project("{FAE04EC0-301F-11D3-BF4B-00C04F79EFBC}") = "Scry.Client", "src\Scry.Client\Scry.Client.csproj", "{50060FFA-8120-4852-8FE3-306D8B6F368C}"
EndProject
Global
	GlobalSection(SolutionConfigurationPlatforms) = preSolution
		Debug|Any CPU = Debug|Any CPU
		Debug|x64 = Debug|x64
		Debug|x86 = Debug|x86
		Release|Any CPU = Release|Any CPU
		Release|x64 = Release|x64
		Release|x86 = Release|x86
	EndGlobalSection
	GlobalSection(ProjectConfigurationPlatforms) = postSolution
		{13262968-19A2-4382-8320-6883059BDCE6}.Debug|Any CPU.ActiveCfg = Debug|Any CPU
		{13262968-19A2-4382-8320-6883059BDCE6}.Debug|Any CPU.Build.0 = Debug|Any CPU
		{13262968-19A2-4382-8320-6883059BDCE6}.Debug|x64.ActiveCfg = Debug|Any CPU
		{13262968-19A2-4382-8320-6883059BDCE6}.Debug|x64.Build.0 = Debug|Any CPU
		{13262968-19A2-4382-8320-6883059BDCE6}.Debug|x86.ActiveCfg = Debug|Any CPU
		{13262968-19A2-4382-8320-6883059BDCE6}.Debug|x86.Build.0 = Debug|Any CPU
		{13262968-19A2-4382-8320-6883059BDCE6}.Release|Any CPU.ActiveCfg = Release|Any CPU
		{13262968-19A2-4382-8320-6883059BDCE6}.Release|Any CPU.Build.0 = Release|Any CPU
		{13262968-19A2-4382-8320-6883059BDCE6}.Release|x64.ActiveCfg = Release|Any CPU
		{13262968-19A2-4382-8320-6883059BDCE6}.Release|x64.Build.0 = Release|Any CPU
		{13262968-19A2-4382-8320-6883059BDCE6}.Release|x86.ActiveCfg = Release|Any CPU
		{13262968-19A2-4382-8320-6883059BDCE6}.Release|x86.Build.0 = Release|Any CPU
		{C53B0451-EBF4-45E2-8925-E64B263D56D9}.Debug|Any CPU.ActiveCfg = Debug|Any CPU
		{C53B0451-EBF4-45E2-8925-E64B263D56D9}.Debug|Any CPU.Build.0 = Debug|Any CPU
		{C53B0451-EBF4-45E2-8925-E64B263D56D9}.Debug|x64.ActiveCfg = Debug|Any CPU
		{C53B0451-EBF4-45E2-8925-E64B263D56D9}.Debug|x64.Build.0 = Debug|Any CPU
		{C53B0451-EBF4-45E2-8925-E64B263D56D9}.Debug|x86.ActiveCfg = Debug|Any CPU
		{C53B0451-EBF4-45E2-8925-E64B263D56D9}.Debug|x86.Build.0 = Debug|Any CPU
		{C53B0451-EBF4-45E2-8925-E64B263D56D9}.Release|Any CPU.ActiveCfg = Release|Any CPU
		{C53B0451-EBF4-45E2-8925-E64B263D56D9}.Release|Any CPU.Build.0 = Release|Any CPU
		{C53B0451-EBF4-45E2-8925-E64B263D56D9}.Release|x64.ActiveCfg = Release|Any CPU
		{C53B0451-EBF4-45E2-8925-E64B263D56D9}.Release|x64.Build.0 = Release|Any CPU
		{C53B0451-EBF4-45E2-8925-E64B263D56D9}.Release|x86.ActiveCfg = Release|Any CPU
		{C53B0451-EBF4-45E2-8925-E64B263D56D9}.Release|x86.Build.0 = Release|Any CPU
		{316976CF-863A-483F-9035-58DB27D1EE99}.Debug|Any CPU.ActiveCfg = Debug|Any CPU
		{316976CF-863A-483F-9035-58DB27D1EE99}.Debug|Any CPU.Build.0 = Debug|Any CPU
		{316976CF-863A-483F-9035-58DB27D1EE99}.Debug|x64.ActiveCfg = Debug|Any CPU
		{316976CF-863A-483F-9035-58DB27D1EE99}.Debug|x64.Build.0 = Debug|Any CPU
		{316976CF-863A-483F-9035-58DB27D1EE99}.Debug|x86.ActiveCfg = Debug|Any CPU
		{316976CF-863A-483F-9035-58DB27D1EE99}.Debug|x86.Build.0 = Debug|Any CPU
		{316976CF-863A-483F-9035-58DB27D1EE99}.Release|Any CPU.ActiveCfg = Release|Any CPU
		{316976CF-863A-483F-9035-58DB27D1EE99}.Release|Any CPU.Build.0 = Release|Any CPU
		{316976CF-863A-483F-9035-58DB27D1EE99}.Release|x64.ActiveCfg = Release|Any CPU
		{316976CF-863A-483F-9035-58DB27D1EE99}.Release|x64.Build.0 = Release|Any CPU
		{316976CF-863A-483F-9035-58DB27D1EE99}.Release|x86.ActiveCfg = Release|Any CPU
		{316976CF-863A-483F-9035-58DB27D1EE99}.Release|x86.Build.0 = Release|Any CPU
		{E9672FF4-F304-418B-8E99-9A561BC223E0}.Debug|Any CPU.ActiveCfg = Debug|Any CPU
		{E9672FF4-F304-418B-8E99-9A561BC223E0}.Debug|Any CPU.Build.0 = Debug|Any CPU
		{E9672FF4-F304-418B-8E99-9A561BC223E0}.Debug|x64.ActiveCfg = Debug|Any CPU
		{E9672FF4-F304-418B-8E99-9A561BC223E0}.Debug|x64.Build.0 = Debug|Any CPU
		{E9672FF4-F304-418B-8E99-9A561BC223E0}.Debug|x86.ActiveCfg = Debug|Any CPU
		{E9672FF4-F304-418B-8E99-9A561BC223E0}.Debug|x86.Build.0 = Debug|Any CPU
		{E9672FF4-F304-418B-8E99-9A561BC223E0}.Release|Any CPU.ActiveCfg = Release|Any CPU
		{E9672FF4-F304-418B-8E99-9A561BC223E0}.Release|Any CPU.Build.0 = Release|Any CPU
		{E9672FF4-F304-418B-8E99-9A561BC223E0}.Release|x64.ActiveCfg = Release|Any CPU
		{E9672FF4-F304-418B-8E99-9A561BC223E0}.Release|x64.Build.0 = Release|Any CPU
		{E9672FF4-F304-418B-8E99-9A561BC223E0}.Release|x86.ActiveCfg = Release|Any CPU
		{E9672FF4-F304-418B-8E99-9A561BC223E0}.Release|x86.Build.0 = Release|Any CPU
		{97BE0411-5C49-4541-97C4-86B18A763293}.Debug|Any CPU.ActiveCfg = Debug|Any CPU
		{97BE0411-5C49-4541-97C4-86B18A763293}.Debug|Any CPU.Build.0 = Debug|Any CPU
		{97BE0411-5C49-4541-97C4-86B18A763293}.Debug|x64.ActiveCfg = Debug|Any CPU
		{97BE0411-5C49-4541-97C4-86B18A763293}.Debug|x64.Build.0 = Debug|Any CPU
		{97BE0411-5C49-4541-97C4-86B18A763293}.Debug|x86.ActiveCfg = Debug|Any CPU
		{97BE0411-5C49-4541-97C4-86B18A763293}.Debug|x86.Build.0 = Debug|Any CPU
		{97BE0411-5C49-4541-97C4-86B18A763293}.Release|Any CPU.ActiveCfg = Release|Any CPU
		{97BE0411-5C49-4541-97C4-86B18A763293}.Release|Any CPU.Build.0 = Release|Any CPU
		{97BE0411-5C49-4541-97C4-86B18A763293}.Release|x64.ActiveCfg = Release|Any CPU
		{97BE0411-5C49-4541-97C4-86B18A763293}.Release|x64.Build.0 = Release|Any CPU
		{97BE0411-5C49-4541-97C4-86B18A763293}.Release|x86.ActiveCfg = Release|Any CPU
		{97BE0411-5C49-4541-97C4-86B18A763293}.Release|x86.Build.0 = Release|Any CPU
		{918B073B-6C0F-43C4-BA2D-624ED61B8E08}.Debug|Any CPU.ActiveCfg = Debug|Any CPU
		{918B073B-6C0F-43C4-BA2D-624ED61B8E08}.Debug|Any CPU.Build.0 = Debug|Any CPU
		{918B073B-6C0F-43C4-BA2D-624ED61B8E08}.Debug|x64.ActiveCfg = Debug|Any CPU
		{918B073B-6C0F-43C4-BA2D-624ED61B8E08}.Debug|x64.Build.0 = Debug|Any CPU
		{918B073B-6C0F-43C4-BA2D-624ED61B8E08}.Debug|x86.ActiveCfg = Debug|Any CPU
		{918B073B-6C0F-43C4-BA2D-624ED61B8E08}.Debug|x86.Build.0 = Debug|Any CPU
		{918B073B-6C0F-43C4-BA2D-624ED61B8E08}.Release|Any CPU.ActiveCfg = Release|Any CPU
		{918B073B-6C0F-43C4-BA2D-624ED61B8E08}.Release|Any CPU.Build.0 = Release|Any CPU
		{918B073B-6C0F-43C4-BA2D-624ED61B8E08}.Release|x64.ActiveCfg = Release|Any CPU
		{918B073B-6C0F-43C4-BA2D-624ED61B8E08}.Release|x64.Build.0 = Release|Any CPU
		{918B073B-6C0F-43C4-BA2D-624ED61B8E08}.Release|x86.ActiveCfg = Release|Any CPU
		{918B073B-6C0F-43C4-BA2D-624ED61B8E08}.Release|x86.Build.0 = Release|Any CPU
		{BC6AD372-6321-4803-A8C7-D9B448EA5555}.Debug|Any CPU.ActiveCfg = Debug|Any CPU
		{BC6AD372-6321-4803-A8C7-D9B448EA5555}.Debug|Any CPU.Build.0 = Debug|Any CPU
		{BC6AD372-6321-4803-A8C7-D9B448EA5555}.Debug|x64.ActiveCfg = Debug|Any CPU
		{BC6AD372-6321-4803-A8C7-D9B448EA5555}.Debug|x64.Build.0 = Debug|Any CPU
		{BC6AD372-6321-4803-A8C7-D9B448EA5555}.Debug|x86.ActiveCfg = Debug|Any CPU
		{BC6AD372-6321-4803-A8C7-D9B448EA5555}.Debug|x86.Build.0 = Debug|Any CPU
		{BC6AD372-6321-4803-A8C7-D9B448EA5555}.Release|Any CPU.ActiveCfg = Release|Any CPU
		{BC6AD372-6321-4803-A8C7-D9B448EA5555}.Release|Any CPU.Build.0 = Release|Any CPU
		{BC6AD372-6321-4803-A8C7-D9B448EA5555}.Release|x64.ActiveCfg = Release|Any CPU
		{BC6AD372-6321-4803-A8C7-D9B448EA5555}.Release|x64.Build.0 = Release|Any CPU
		{BC6AD372-6321-4803-A8C7-D9B448EA5555}.Release|x86.ActiveCfg = Release|Any CPU
		{BC6AD372-6321-4803-A8C7-D9B448EA5555}.Release|x86.Build.0 = Release|Any CPU
		{C9E8F327-831C-424C-9234-FED7AD307248}.Debug|Any CPU.ActiveCfg = Debug|Any CPU
		{C9E8F327-831C-424C-9234-FED7AD307248}.Debug|Any CPU.Build.0 = Debug|Any CPU
		{C9E8F327-831C-424C-9234-FED7AD307248}.Debug|x64.ActiveCfg = Debug|Any CPU
		{C9E8F327-831C-424C-9234-FED7AD307248}.Debug|x64.Build.0 = Debug|Any CPU
		{C9E8F327-831C-424C-9234-FED7AD307248}.Debug|x86.ActiveCfg = Debug|Any CPU
		{C9E8F327-831C-424C-9234-FED7AD307248}.Debug|x86.Build.0 = Debug|Any CPU
		{C9E8F327-831C-424C-9234-FED7AD307248}.Release|Any CPU.ActiveCfg = Release|Any CPU
		{C9E8F327-831C-424C-9234-FED7AD307248}.Release|Any CPU.Build.0 = Release|Any CPU
		{C9E8F327-831C-424C-9234-FED7AD307248}.Release|x64.ActiveCfg = Release|Any CPU
		{C9E8F327-831C-424C-9234-FED7AD307248}.Release|x64.Build.0 = Release|Any CPU
		{C9E8F327-831C-424C-9234-FED7AD307248}.Release|x86.ActiveCfg = Release|Any CPU
		{C9E8F327-831C-424C-9234-FED7AD307248}.Release|x86.Build.0 = Release|Any CPU
		{1DA8B1F4-8293-47F3-8616-7B49530997DA}.Debug|Any CPU.ActiveCfg = Debug|Any CPU
		{1DA8B1F4-8293-47F3-8616-7B49530997DA}.Debug|Any CPU.Build.0 = Debug|Any CPU
		{1DA8B1F4-8293-47F3-8616-7B49530997DA}.Debug|x64.ActiveCfg = Debug|Any CPU
		{1DA8B1F4-8293-47F3-8616-7B49530997DA}.Debug|x64.Build.0 = Debug|Any CPU
		{1DA8B1F4-8293-47F3-8616-7B49530997DA}.Debug|x86.ActiveCfg = Debug|Any CPU
		{1DA8B1F4-8293-47F3-8616-7B49530997DA}.Debug|x86.Build.0 = Debug|Any CPU
		{1DA8B1F4-8293-47F3-8616-7B49530997DA}.Release|Any CPU.ActiveCfg = Release|Any CPU
		{1DA8B1F4-8293-47F3-8616-7B49530997DA}.Release|Any CPU.Build.0 = Release|Any CPU
		{1DA8B1F4-8293-47F3-8616-7B49530997DA}.Release|x64.ActiveCfg = Release|Any CPU
		{1DA8B1F4-8293-47F3-8616-7B49530997DA}.Release|x64.Build.0 = Release|Any CPU
		{1DA8B1F4-8293-47F3-8616-7B49530997DA}.Release|x86.ActiveCfg = Release|Any CPU
		{1DA8B1F4-8293-47F3-8616-7B49530997DA}.Release|x86.Build.0 = Release|Any CPU
		{04C63DDE-BF1A-4BCA-BBF7-8E0EA15D28E3}.Debug|Any CPU.ActiveCfg = Debug|Any CPU
		{04C63DDE-BF1A-4BCA-BBF7-8E0EA15D28E3}.Debug|Any CPU.Build.0 = Debug|Any CPU
		{04C63DDE-BF1A-4BCA-BBF7-8E0EA15D28E3}.Debug|x64.ActiveCfg = Debug|Any CPU
		{04C63DDE-BF1A-4BCA-BBF7-8E0EA15D28E3}.Debug|x64.Build.0 = Debug|Any CPU
		{04C63DDE-BF1A-4BCA-BBF7-8E0EA15D28E3}.Debug|x86.ActiveCfg = Debug|Any CPU
		{04C63DDE-BF1A-4BCA-BBF7-8E0EA15D28E3}.Debug|x86.Build.0 = Debug|Any CPU
		{04C63DDE-BF1A-4BCA-BBF7-8E0EA15D28E3}.Release|Any CPU.ActiveCfg = Release|Any CPU
		{04C63DDE-BF1A-4BCA-BBF7-8E0EA15D28E3}.Release|Any CPU.Build.0 = Release|Any CPU
		{04C63DDE-BF1A-4BCA-BBF7-8E0EA15D28E3}.Release|x64.ActiveCfg = Release|Any CPU
		{04C63DDE-BF1A-4BCA-BBF7-8E0EA15D28E3}.Release|x64.Build.0 = Release|Any CPU
		{04C63DDE-BF1A-4BCA-BBF7-8E0EA15D28E3}.Release|x86.ActiveCfg = Release|Any CPU
		{04C63DDE-BF1A-4BCA-BBF7-8E0EA15D28E3}.Release|x86.Build.0 = Release|Any CPU
		{0420667A-FC7F-4EB9-B315-722EC9B2D3BB}.Debug|Any CPU.ActiveCfg = Debug|Any CPU
		{0420667A-FC7F-4EB9-B315-722EC9B2D3BB}.Debug|Any CPU.Build.0 = Debug|Any CPU
		{0420667A-FC7F-4EB9-B315-722EC9B2D3BB}.Debug|x64.ActiveCfg = Debug|Any CPU
		{0420667A-FC7F-4EB9-B315-722EC9B2D3BB}.Debug|x64.Build.0 = Debug|Any CPU
		{0420667A-FC7F-4EB9-B315-722EC9B2D3BB}.Debug|x86.ActiveCfg = Debug|Any CPU
		{0420667A-FC7F-4EB9-B315-722EC9B2D3BB}.Debug|x86.Build.0 = Debug|Any CPU
		{0420667A-FC7F-4EB9-B315-722EC9B2D3BB}.Release|Any CPU.ActiveCfg = Release|Any CPU
		{0420667A-FC7F-4EB9-B315-722EC9B2D3BB}.Release|Any CPU.Build.0 = Release|Any CPU
		{0420667A-FC7F-4EB9-B315-722EC9B2D3BB}.Release|x64.ActiveCfg = Release|Any CPU
		{0420667A-FC7F-4EB9-B315-722EC9B2D3BB}.Release|x64.Build.0 = Release|Any CPU
		{0420667A-FC7F-4EB9-B315-722EC9B2D3BB}.Release|x86.ActiveCfg = Release|Any CPU
		{0420667A-FC7F-4EB9-B315-722EC9B2D3BB}.Release|x86.Build.0 = Release|Any CPU
		{451335EB-B807-4338-9BB2-34309A0820D7}.Debug|Any CPU.ActiveCfg = Debug|Any CPU
		{451335EB-B807-4338-9BB2-34309A0820D7}.Debug|Any CPU.Build.0 = Debug|Any CPU
		{451335EB-B807-4338-9BB2-34309A0820D7}.Debug|x64.ActiveCfg = Debug|Any CPU
		{451335EB-B807-4338-9BB2-34309A0820D7}.Debug|x64.Build.0 = Debug|Any CPU
		{451335EB-B807-4338-9BB2-34309A0820D7}.Debug|x86.ActiveCfg = Debug|Any CPU
		{451335EB-B807-4338-9BB2-34309A0820D7}.Debug|x86.Build.0 = Debug|Any CPU
		{451335EB-B807-4338-9BB2-34309A0820D7}.Release|Any CPU.ActiveCfg = Release|Any CPU
		{451335EB-B807-4338-9BB2-34309A0820D7}.Release|Any CPU.Build.0 = Release|Any CPU
		{451335EB-B807-4338-9BB2-34309A0820D7}.Release|x64.ActiveCfg = Release|Any CPU
		{451335EB-B807-4338-9BB2-34309A0820D7}.Release|x64.Build.0 = Release|Any CPU
		{451335EB-B807-4338-9BB2-34309A0820D7}.Release|x86.ActiveCfg = Release|Any CPU
		{451335EB-B807-4338-9BB2-34309A0820D7}.Release|x86.Build.0 = Release|Any CPU
		{7E503546-320D-44F3-BEEE-28596744E940}.Debug|Any CPU.ActiveCfg = Debug|Any CPU
		{7E503546-320D-44F3-BEEE-28596744E940}.Debug|Any CPU.Build.0 = Debug|Any CPU
		{7E503546-320D-44F3-BEEE-28596744E940}.Debug|x64.ActiveCfg = Debug|Any CPU
		{7E503546-320D-44F3-BEEE-28596744E940}.Debug|x64.Build.0 = Debug|Any CPU
		{7E503546-320D-44F3-BEEE-28596744E940}.Debug|x86.ActiveCfg = Debug|Any CPU
		{7E503546-320D-44F3-BEEE-28596744E940}.Debug|x86.Build.0 = Debug|Any CPU
		{7E503546-320D-44F3-BEEE-28596744E940}.Release|Any CPU.ActiveCfg = Release|Any CPU
		{7E503546-320D-44F3-BEEE-28596744E940}.Release|Any CPU.Build.0 = Release|Any CPU
		{7E503546-320D-44F3-BEEE-28596744E940}.Release|x64.ActiveCfg = Release|Any CPU
		{7E503546-320D-44F3-BEEE-28596744E940}.Release|x64.Build.0 = Release|Any CPU
		{7E503546-320D-44F3-BEEE-28596744E940}.Release|x86.ActiveCfg = Release|Any CPU
		{7E503546-320D-44F3-BEEE-28596744E940}.Release|x86.Build.0 = Release|Any CPU
		{6E8B7BCA-56BE-491B-BA58-E4D3E5E95BC7}.Debug|Any CPU.ActiveCfg = Debug|Any CPU
		{6E8B7BCA-56BE-491B-BA58-E4D3E5E95BC7}.Debug|Any CPU.Build.0 = Debug|Any CPU
		{6E8B7BCA-56BE-491B-BA58-E4D3E5E95BC7}.Debug|x64.ActiveCfg = Debug|Any CPU
		{6E8B7BCA-56BE-491B-BA58-E4D3E5E95BC7}.Debug|x64.Build.0 = Debug|Any CPU
		{6E8B7BCA-56BE-491B-BA58-E4D3E5E95BC7}.Debug|x86.ActiveCfg = Debug|Any CPU
		{6E8B7BCA-56BE-491B-BA58-E4D3E5E95BC7}.Debug|x86.Build.0 = Debug|Any CPU
		{6E8B7BCA-56BE-491B-BA58-E4D3E5E95BC7}.Release|Any CPU.ActiveCfg = Release|Any CPU
		{6E8B7BCA-56BE-491B-BA58-E4D3E5E95BC7}.Release|Any CPU.Build.0 = Release|Any CPU
		{6E8B7BCA-56BE-491B-BA58-E4D3E5E95BC7}.Release|x64.ActiveCfg = Release|Any CPU
		{6E8B7BCA-56BE-491B-BA58-E4D3E5E95BC7}.Release|x64.Build.0 = Release|Any CPU
		{6E8B7BCA-56BE-491B-BA58-E4D3E5E95BC7}.Release|x86.ActiveCfg = Release|Any CPU
		{6E8B7BCA-56BE-491B-BA58-E4D3E5E95BC7}.Release|x86.Build.0 = Release|Any CPU
		{4A9A5859-7771-4579-95B5-81C24E0E6823}.Debug|Any CPU.ActiveCfg = Debug|Any CPU
		{4A9A5859-7771-4579-95B5-81C24E0E6823}.Debug|Any CPU.Build.0 = Debug|Any CPU
		{4A9A5859-7771-4579-95B5-81C24E0E6823}.Debug|x64.ActiveCfg = Debug|Any CPU
		{4A9A5859-7771-4579-95B5-81C24E0E6823}.Debug|x64.Build.0 = Debug|Any CPU
		{4A9A5859-7771-4579-95B5-81C24E0E6823}.Debug|x86.ActiveCfg = Debug|Any CPU
		{4A9A5859-7771-4579-95B5-81C24E0E6823}.Debug|x86.Build.0 = Debug|Any CPU
		{4A9A5859-7771-4579-95B5-81C24E0E6823}.Release|Any CPU.ActiveCfg = Release|Any CPU
		{4A9A5859-7771-4579-95B5-81C24E0E6823}.Release|Any CPU.Build.0 = Release|Any CPU
		{4A9A5859-7771-4579-95B5-81C24E0E6823}.Release|x64.ActiveCfg = Release|Any CPU
		{4A9A5859-7771-4579-95B5-81C24E0E6823}.Release|x64.Build.0 = Release|Any CPU
		{4A9A5859-7771-4579-95B5-81C24E0E6823}.Release|x86.ActiveCfg = Release|Any CPU
		{4A9A5859-7771-4579-95B5-81C24E0E6823}.Release|x86.Build.0 = Release|Any CPU
		{54BFA91B-19E0-45CB-A362-A2124451D687}.Debug|Any CPU.ActiveCfg = Debug|Any CPU
		{54BFA91B-19E0-45CB-A362-A2124451D687}.Debug|Any CPU.Build.0 = Debug|Any CPU
		{54BFA91B-19E0-45CB-A362-A2124451D687}.Debug|x64.ActiveCfg = Debug|Any CPU
		{54BFA91B-19E0-45CB-A362-A2124451D687}.Debug|x64.Build.0 = Debug|Any CPU
		{54BFA91B-19E0-45CB-A362-A2124451D687}.Debug|x86.ActiveCfg = Debug|Any CPU
		{54BFA91B-19E0-45CB-A362-A2124451D687}.Debug|x86.Build.0 = Debug|Any CPU
		{54BFA91B-19E0-45CB-A362-A2124451D687}.Release|Any CPU.ActiveCfg = Release|Any CPU
		{54BFA91B-19E0-45CB-A362-A2124451D687}.Release|Any CPU.Build.0 = Release|Any CPU
		{54BFA91B-19E0-45CB-A362-A2124451D687}.Release|x64.ActiveCfg = Release|Any CPU
		{54BFA91B-19E0-45CB-A362-A2124451D687}.Release|x64.Build.0 = Release|Any CPU
		{54BFA91B-19E0-45CB-A362-A2124451D687}.Release|x86.ActiveCfg = Release|Any CPU
		{54BFA91B-19E0-45CB-A362-A2124451D687}.Release|x86.Build.0 = Release|Any CPU
		{53291850-DDBC-429C-B8EF-AE7212C3E001}.Debug|Any CPU.ActiveCfg = Debug|Any CPU
		{53291850-DDBC-429C-B8EF-AE7212C3E001}.Debug|Any CPU.Build.0 = Debug|Any CPU
		{53291850-DDBC-429C-B8EF-AE7212C3E001}.Debug|x64.ActiveCfg = Debug|Any CPU
		{53291850-DDBC-429C-B8EF-AE7212C3E001}.Debug|x64.Build.0 = Debug|Any CPU
		{53291850-DDBC-429C-B8EF-AE7212C3E001}.Debug|x86.ActiveCfg = Debug|Any CPU
		{53291850-DDBC-429C-B8EF-AE7212C3E001}.Debug|x86.Build.0 = Debug|Any CPU
		{53291850-DDBC-429C-B8EF-AE7212C3E001}.Release|Any CPU.ActiveCfg = Release|Any CPU
		{53291850-DDBC-429C-B8EF-AE7212C3E001}.Release|Any CPU.Build.0 = Release|Any CPU
		{53291850-DDBC-429C-B8EF-AE7212C3E001}.Release|x64.ActiveCfg = Release|Any CPU
		{53291850-DDBC-429C-B8EF-AE7212C3E001}.Release|x64.Build.0 = Release|Any CPU
		{53291850-DDBC-429C-B8EF-AE7212C3E001}.Release|x86.ActiveCfg = Release|Any CPU
		{53291850-DDBC-429C-B8EF-AE7212C3E001}.Release|x86.Build.0 = Release|Any CPU
		{50060FFA-8120-4852-8FE3-306D8B6F368C}.Debug|Any CPU.ActiveCfg = Debug|Any CPU
		{50060FFA-8120-4852-8FE3-306D8B6F368C}.Debug|Any CPU.Build.0 = Debug|Any CPU
		{50060FFA-8120-4852-8FE3-306D8B6F368C}.Debug|x64.ActiveCfg = Debug|Any CPU
		{50060FFA-8120-4852-8FE3-306D8B6F368C}.Debug|x64.Build.0 = Debug|Any CPU
		{50060FFA-8120-4852-8FE3-306D8B6F368C}.Debug|x86.ActiveCfg = Debug|Any CPU
		{50060FFA-8120-4852-8FE3-306D8B6F368C}.Debug|x86.Build.0 = Debug|Any CPU
		{50060FFA-8120-4852-8FE3-306D8B6F368C}.Release|Any CPU.ActiveCfg = Release|Any CPU
		{50060FFA-8120-4852-8FE3-306D8B6F368C}.Release|Any CPU.Build.0 = Release|Any CPU
		{50060FFA-8120-4852-8FE3-306D8B6F368C}.Release|x64.ActiveCfg = Release|Any CPU
		{50060FFA-8120-4852-8FE3-306D8B6F368C}.Release|x64.Build.0 = Release|Any CPU
		{50060FFA-8120-4852-8FE3-306D8B6F368C}.Release|x86.ActiveCfg = Release|Any CPU
		{50060FFA-8120-4852-8FE3-306D8B6F368C}.Release|x86.Build.0 = Release|Any CPU
	EndGlobalSection
	GlobalSection(SolutionProperties) = preSolution
		HideSolutionNode = FALSE
	EndGlobalSection
	GlobalSection(NestedProjects) = preSolution
		{13262968-19A2-4382-8320-6883059BDCE6} = {827E0CD3-B72D-47B6-A68D-7590B98EB39B}
		{C53B0451-EBF4-45E2-8925-E64B263D56D9} = {827E0CD3-B72D-47B6-A68D-7590B98EB39B}
		{316976CF-863A-483F-9035-58DB27D1EE99} = {827E0CD3-B72D-47B6-A68D-7590B98EB39B}
		{E9672FF4-F304-418B-8E99-9A561BC223E0} = {5D20AA90-6969-D8BD-9DCD-8634F4692FDA}
		{97BE0411-5C49-4541-97C4-86B18A763293} = {0AB3BF05-4346-4AA6-1389-037BE0695223}
		{918B073B-6C0F-43C4-BA2D-624ED61B8E08} = {827E0CD3-B72D-47B6-A68D-7590B98EB39B}
		{BC6AD372-6321-4803-A8C7-D9B448EA5555} = {827E0CD3-B72D-47B6-A68D-7590B98EB39B}
		{C9E8F327-831C-424C-9234-FED7AD307248} = {0AB3BF05-4346-4AA6-1389-037BE0695223}
		{1DA8B1F4-8293-47F3-8616-7B49530997DA} = {0AB3BF05-4346-4AA6-1389-037BE0695223}
		{04C63DDE-BF1A-4BCA-BBF7-8E0EA15D28E3} = {5D20AA90-6969-D8BD-9DCD-8634F4692FDA}
		{0420667A-FC7F-4EB9-B315-722EC9B2D3BB} = {5D20AA90-6969-D8BD-9DCD-8634F4692FDA}
		{451335EB-B807-4338-9BB2-34309A0820D7} = {5D20AA90-6969-D8BD-9DCD-8634F4692FDA}
		{7E503546-320D-44F3-BEEE-28596744E940} = {827E0CD3-B72D-47B6-A68D-7590B98EB39B}
		{6E8B7BCA-56BE-491B-BA58-E4D3E5E95BC7} = {827E0CD3-B72D-47B6-A68D-7590B98EB39B}
		{4A9A5859-7771-4579-95B5-81C24E0E6823} = {5D20AA90-6969-D8BD-9DCD-8634F4692FDA}
		{54BFA91B-19E0-45CB-A362-A2124451D687} = {5D20AA90-6969-D8BD-9DCD-8634F4692FDA}
		{53291850-DDBC-429C-B8EF-AE7212C3E001} = {827E0CD3-B72D-47B6-A68D-7590B98EB39B}
		{50060FFA-8120-4852-8FE3-306D8B6F368C} = {827E0CD3-B72D-47B6-A68D-7590B98EB39B}
	EndGlobalSection
	GlobalSection(ExtensibilityGlobals) = postSolution
		SolutionGuid = {2A8FAC0E-2F05-4AB8-8CDB-C1B349E9E954}
	EndGlobalSection
EndGlobal
