
Microsoft Visual Studio Solution File, Format Version 12.00
# Visual Studio Version 17
VisualStudioVersion = 17.0.31903.59
MinimumVisualStudioVersion = 10.0.40219.1
Project("{2150E333-8FDC-42A3-9474-1A3956D46DE8}") = "src", "src", "{827E0CD3-B72D-47B6-A68D-7590B98EB39B}"
EndProject
Project("{FAE04EC0-301F-11D3-BF4B-00C04F79EFBC}") = "Scry.Contracts", "src\Scry.Contracts\Scry.Contracts.csproj", "{13262968-19A2-4382-8320-6883059BDCE6}"
EndProject
Project("{FAE04EC0-301F-11D3-BF4B-00C04F79EFBC}") = "Scry.Runtime", "src\Scry.Runtime\Scry.Runtime.csproj", "{C53B0451-EBF4-45E2-8925-E64B263D56D9}"
EndProject
Project("{FAE04EC0-301F-11D3-BF4B-00C04F79EFBC}") = "Scry.Sdk", "src\Scry.Sdk\Scry.Sdk.csproj", "{231776C6-5BA9-4BDA-9537-F08C910DDD9B}"
EndProject
Project("{FAE04EC0-301F-11D3-BF4B-00C04F79EFBC}") = "Scry.Cli", "src\Scry.Cli\Scry.Cli.csproj", "{316976CF-863A-483F-9035-58DB27D1EE99}"
EndProject
Project("{2150E333-8FDC-42A3-9474-1A3956D46DE8}") = "samples", "samples", "{5D20AA90-6969-D8BD-9DCD-8634F4692FDA}"
EndProject
Project("{FAE04EC0-301F-11D3-BF4B-00C04F79EFBC}") = "Scry.SampleHost", "samples\Scry.SampleHost\Scry.SampleHost.csproj", "{E9672FF4-F304-418B-8E99-9A561BC223E0}"
EndProject
Project("{2150E333-8FDC-42A3-9474-1A3956D46DE8}") = "tests", "tests", "{0AB3BF05-4346-4AA6-1389-037BE0695223}"
EndProject
Project("{FAE04EC0-301F-11D3-BF4B-00C04F79EFBC}") = "Scry.Tests", "tests\Scry.Tests\Scry.Tests.csproj", "{97BE0411-5C49-4541-97C4-86B18A763293}"
EndProject
Global
	GlobalSection(SolutionConfigurationPlatforms) = preSolution
		Debug|Any CPU = Debug|Any CPU
		Debug|x64 = Debug|x64
		Debug|x86 = Debug|x86
		Release|Any CPU = Release|Any CPU
		Release|x64 = Release|x64
		Release|x86 = Release|x86
	EndGlobalSection
	GlobalSection(ProjectConfigurationPlatforms) = postSolution
		{13262968-19A2-4382-8320-6883059BDCE6}.Debug|Any CPU.ActiveCfg = Debug|Any CPU
		{13262968-19A2-4382-8320-6883059BDCE6}.Debug|Any CPU.Build.0 = Debug|Any CPU
		{13262968-19A2-4382-8320-6883059BDCE6}.Debug|x64.ActiveCfg = Debug|Any CPU
		{13262968-19A2-4382-8320-6883059BDCE6}.Debug|x64.Build.0 = Debug|Any CPU
		{13262968-19A2-4382-8320-6883059BDCE6}.Debug|x86.ActiveCfg = Debug|Any CPU
		{13262968-19A2-4382-8320-6883059BDCE6}.Debug|x86.Build.0 = Debug|Any CPU
		{13262968-19A2-4382-8320-6883059BDCE6}.Release|Any CPU.ActiveCfg = Release|Any CPU
		{13262968-19A2-4382-8320-6883059BDCE6}.Release|Any CPU.Build.0 = Release|Any CPU
		{13262968-19A2-4382-8320-6883059BDCE6}.Release|x64.ActiveCfg = Release|Any CPU
		{13262968-19A2-4382-8320-6883059BDCE6}.Release|x64.Build.0 = Release|Any CPU
		{13262968-19A2-4382-8320-6883059BDCE6}.Release|x86.ActiveCfg = Release|Any CPU
		{13262968-19A2-4382-8320-6883059BDCE6}.Release|x86.Build.0 = Release|Any CPU
		{C53B0451-EBF4-45E2-8925-E64B263D56D9}.Debug|Any CPU.ActiveCfg = Debug|Any CPU
		{C53B0451-EBF4-45E2-8925-E64B263D56D9}.Debug|Any CPU.Build.0 = Debug|Any CPU
		{C53B0451-EBF4-45E2-8925-E64B263D56D9}.Debug|x64.ActiveCfg = Debug|Any CPU
		{C53B0451-EBF4-45E2-8925-E64B263D56D9}.Debug|x64.Build.0 = Debug|Any CPU
		{C53B0451-EBF4-45E2-8925-E64B263D56D9}.Debug|x86.ActiveCfg = Debug|Any CPU
		{C53B0451-EBF4-45E2-8925-E64B263D56D9}.Debug|x86.Build.0 = Debug|Any CPU
		{C53B0451-EBF4-45E2-8925-E64B263D56D9}.Release|Any CPU.ActiveCfg = Release|Any CPU
		{C53B0451-EBF4-45E2-8925-E64B263D56D9}.Release|Any CPU.Build.0 = Release|Any CPU
		{C53B0451-EBF4-45E2-8925-E64B263D56D9}.Release|x64.ActiveCfg = Release|Any CPU
		{C53B0451-EBF4-45E2-8925-E64B263D56D9}.Release|x64.Build.0 = Release|Any CPU
		{C53B0451-EBF4-45E2-8925-E64B263D56D9}.Release|x86.ActiveCfg = Release|Any CPU
		{C53B0451-EBF4-45E2-8925-E64B263D56D9}.Release|x86.Build.0 = Release|Any CPU
		{231776C6-5BA9-4BDA-9537-F08C910DDD9B}.Debug|Any CPU.ActiveCfg = Debug|Any CPU
		{231776C6-5BA9-4BDA-9537-F08C910DDD9B}.Debug|Any CPU.Build.0 = Debug|Any CPU
		{231776C6-5BA9-4BDA-9537-F08C910DDD9B}.Debug|x64.ActiveCfg = Debug|Any CPU
		{231776C6-5BA9-4BDA-9537-F08C910DDD9B}.Debug|x64.Build.0 = Debug|Any CPU
		{231776C6-5BA9-4BDA-9537-F08C910DDD9B}.Debug|x86.ActiveCfg = Debug|Any CPU
		{231776C6-5BA9-4BDA-9537-F08C910DDD9B}.Debug|x86.Build.0 = Debug|Any CPU
		{231776C6-5BA9-4BDA-9537-F08C910DDD9B}.Release|Any CPU.ActiveCfg = Release|Any CPU
		{231776C6-5BA9-4BDA-9537-F08C910DDD9B}.Release|Any CPU.Build.0 = Release|Any CPU
		{231776C6-5BA9-4BDA-9537-F08C910DDD9B}.Release|x64.ActiveCfg = Release|Any CPU
		{231776C6-5BA9-4BDA-9537-F08C910DDD9B}.Release|x64.Build.0 = Release|Any CPU
		{231776C6-5BA9-4BDA-9537-F08C910DDD9B}.Release|x86.ActiveCfg = Release|Any CPU
		{231776C6-5BA9-4BDA-9537-F08C910DDD9B}.Release|x86.Build.0 = Release|Any CPU
		{316976CF-863A-483F-9035-58DB27D1EE99}.Debug|Any CPU.ActiveCfg = Debug|Any CPU
		{316976CF-863A-483F-9035-58DB27D1EE99}.Debug|Any CPU.Build.0 = Debug|Any CPU
		{316976CF-863A-483F-9035-58DB27D1EE99}.Debug|x64.ActiveCfg = Debug|Any CPU
		{316976CF-863A-483F-9035-58DB27D1EE99}.Debug|x64.Build.0 = Debug|Any CPU
		{316976CF-863A-483F-9035-58DB27D1EE99}.Debug|x86.ActiveCfg = Debug|Any CPU
		{316976CF-863A-483F-9035-58DB27D1EE99}.Debug|x86.Build.0 = Debug|Any CPU
		{316976CF-863A-483F-9035-58DB27D1EE99}.Release|Any CPU.ActiveCfg = Release|Any CPU
		{316976CF-863A-483F-9035-58DB27D1EE99}.Release|Any CPU.Build.0 = Release|Any CPU
		{316976CF-863A-483F-9035-58DB27D1EE99}.Release|x64.ActiveCfg = Release|Any CPU
		{316976CF-863A-483F-9035-58DB27D1EE99}.Release|x64.Build.0 = Release|Any CPU
		{316976CF-863A-483F-9035-58DB27D1EE99}.Release|x86.ActiveCfg = Release|Any CPU
		{316976CF-863A-483F-9035-58DB27D1EE99}.Release|x86.Build.0 = Release|Any CPU
		{E9672FF4-F304-418B-8E99-9A561BC223E0}.Debug|Any CPU.ActiveCfg = Debug|Any CPU
		{E9672FF4-F304-418B-8E99-9A561BC223E0}.Debug|Any CPU.Build.0 = Debug|Any CPU
		{E9672FF4-F304-418B-8E99-9A561BC223E0}.Debug|x64.ActiveCfg = Debug|Any CPU
		{E9672FF4-F304-418B-8E99-9A561BC223E0}.Debug|x64.Build.0 = Debug|Any CPU
		{E9672FF4-F304-418B-8E99-9A561BC223E0}.Debug|x86.ActiveCfg = Debug|Any CPU
		{E9672FF4-F304-418B-8E99-9A561BC223E0}.Debug|x86.Build.0 = Debug|Any CPU
		{E9672FF4-F304-418B-8E99-9A561BC223E0}.Release|Any CPU.ActiveCfg = Release|Any CPU
		{E9672FF4-F304-418B-8E99-9A561BC223E0}.Release|Any CPU.Build.0 = Release|Any CPU
		{E9672FF4-F304-418B-8E99-9A561BC223E0}.Release|x64.ActiveCfg = Release|Any CPU
		{E9672FF4-F304-418B-8E99-9A561BC223E0}.Release|x64.Build.0 = Release|Any CPU
		{E9672FF4-F304-418B-8E99-9A561BC223E0}.Release|x86.ActiveCfg = Release|Any CPU
		{E9672FF4-F304-418B-8E99-9A561BC223E0}.Release|x86.Build.0 = Release|Any CPU
		{97BE0411-5C49-4541-97C4-86B18A763293}.Debug|Any CPU.ActiveCfg = Debug|Any CPU
		{97BE0411-5C49-4541-97C4-86B18A763293}.Debug|Any CPU.Build.0 = Debug|Any CPU
		{97BE0411-5C49-4541-97C4-86B18A763293}.Debug|x64.ActiveCfg = Debug|Any CPU
		{97BE0411-5C49-4541-97C4-86B18A763293}.Debug|x64.Build.0 = Debug|Any CPU
		{97BE0411-5C49-4541-97C4-86B18A763293}.Debug|x86.ActiveCfg = Debug|Any CPU
		{97BE0411-5C49-4541-97C4-86B18A763293}.Debug|x86.Build.0 = Debug|Any CPU
		{97BE0411-5C49-4541-97C4-86B18A763293}.Release|Any CPU.ActiveCfg = Release|Any CPU
		{97BE0411-5C49-4541-97C4-86B18A763293}.Release|Any CPU.Build.0 = Release|Any CPU
		{97BE0411-5C49-4541-97C4-86B18A763293}.Release|x64.ActiveCfg = Release|Any CPU
		{97BE0411-5C49-4541-97C4-86B18A763293}.Release|x64.Build.0 = Release|Any CPU
		{97BE0411-5C49-4541-97C4-86B18A763293}.Release|x86.ActiveCfg = Release|Any CPU
		{97BE0411-5C49-4541-97C4-86B18A763293}.Release|x86.Build.0 = Release|Any CPU
	EndGlobalSection
	GlobalSection(SolutionProperties) = preSolution
		HideSolutionNode = FALSE
	EndGlobalSection
	GlobalSection(NestedProjects) = preSolution
		{13262968-19A2-4382-8320-6883059BDCE6} = {827E0CD3-B72D-47B6-A68D-7590B98EB39B}
		{C53B0451-EBF4-45E2-8925-E64B263D56D9} = {827E0CD3-B72D-47B6-A68D-7590B98EB39B}
		{231776C6-5BA9-4BDA-9537-F08C910DDD9B} = {827E0CD3-B72D-47B6-A68D-7590B98EB39B}
		{316976CF-863A-483F-9035-58DB27D1EE99} = {827E0CD3-B72D-47B6-A68D-7590B98EB39B}
		{E9672FF4-F304-418B-8E99-9A561BC223E0} = {5D20AA90-6969-D8BD-9DCD-8634F4692FDA}
		{97BE0411-5C49-4541-97C4-86B18A763293} = {0AB3BF05-4346-4AA6-1389-037BE0695223}
	EndGlobalSection
EndGlobal
